
Microsoft Visual Studio Solution File, Format Version 12.00
Project("{FAE04EC0-301F-11D3-BF4B-00C04F79EFBC}") = "Essentials", "Essentials\Essentials.csproj", "{15593FB7-862B-4E28-86D2-6EDF14955EC8}"
EndProject
Global
	GlobalSection(SolutionConfigurationPlatforms) = preSolution
		Debug|Any CPU = Debug|Any CPU
		Release|Any CPU = Release|Any CPU
	EndGlobalSection
	GlobalSection(ProjectConfigurationPlatforms) = postSolution
		{15593FB7-862B-4E28-86D2-6EDF14955EC8}.Debug|Any CPU.ActiveCfg = Debug|Any CPU
		{15593FB7-862B-4E28-86D2-6EDF14955EC8}.Debug|Any CPU.Build.0 = Debug|Any CPU
		{15593FB7-862B-4E28-86D2-6EDF14955EC8}.Release|Any CPU.ActiveCfg = Release|Any CPU
		{15593FB7-862B-4E28-86D2-6EDF14955EC8}.Release|Any CPU.Build.0 = Release|Any CPU
	EndGlobalSection
EndGlobal
